// !$*UTF8*$!
{
	archiveVersion = 1;
	classes = {
	};
	objectVersion = 56;
	objects = {

/* Begin PBXBuildFile section */
		3753BBA62BA30872007BBBD2 /* AppDelegate.swift in Sources */ = {isa = PBXBuildFile; fileRef = 3753BBA52BA30872007BBBD2 /* AppDelegate.swift */; };
		3753BBA82BA30872007BBBD2 /* SceneDelegate.swift in Sources */ = {isa = PBXBuildFile; fileRef = 3753BBA72BA30872007BBBD2 /* SceneDelegate.swift */; };
		3753BBAF2BA30873007BBBD2 /* Assets.xcassets in Resources */ = {isa = PBXBuildFile; fileRef = 3753BBAE2BA30873007BBBD2 /* Assets.xcassets */; };
		3753BBB22BA30873007BBBD2 /* LaunchScreen.storyboard in Resources */ = {isa = PBXBuildFile; fileRef = 3753BBB02BA30873007BBBD2 /* LaunchScreen.storyboard */; };
		3753BBBA2BA30A8F007BBBD2 /* SearchVC.swift in Sources */ = {isa = PBXBuildFile; fileRef = 3753BBB92BA30A8F007BBBD2 /* SearchVC.swift */; };
		3753BBBC2BA30B06007BBBD2 /* FavoritesVC.swift in Sources */ = {isa = PBXBuildFile; fileRef = 3753BBBB2BA30B06007BBBD2 /* FavoritesVC.swift */; };
		3753BBBE2BA30F21007BBBD2 /* GFButton.swift in Sources */ = {isa = PBXBuildFile; fileRef = 3753BBBD2BA30F21007BBBD2 /* GFButton.swift */; };
		3753BBC02BA30F3F007BBBD2 /* GFTextField.swift in Sources */ = {isa = PBXBuildFile; fileRef = 3753BBBF2BA30F3F007BBBD2 /* GFTextField.swift */; };
		3753BBC22BA310A2007BBBD2 /* FollowerListVC.swift in Sources */ = {isa = PBXBuildFile; fileRef = 3753BBC12BA310A2007BBBD2 /* FollowerListVC.swift */; };
		3753BBC42BA311D4007BBBD2 /* GFTitleLabel.swift in Sources */ = {isa = PBXBuildFile; fileRef = 3753BBC32BA311D4007BBBD2 /* GFTitleLabel.swift */; };
		3753BBC62BA311F5007BBBD2 /* GFBodyLabel.swift in Sources */ = {isa = PBXBuildFile; fileRef = 3753BBC52BA311F5007BBBD2 /* GFBodyLabel.swift */; };
		3753BBC82BA31211007BBBD2 /* GFAlertVC.swift in Sources */ = {isa = PBXBuildFile; fileRef = 3753BBC72BA31211007BBBD2 /* GFAlertVC.swift */; };
		3753BBCA2BA3122C007BBBD2 /* UIViewController+Ext.swift in Sources */ = {isa = PBXBuildFile; fileRef = 3753BBC92BA3122C007BBBD2 /* UIViewController+Ext.swift */; };
		3753BBD12BA31E56007BBBD2 /* Follower.swift in Sources */ = {isa = PBXBuildFile; fileRef = 3753BBD02BA31E56007BBBD2 /* Follower.swift */; };
		3753BBD32BA31F12007BBBD2 /* User.swift in Sources */ = {isa = PBXBuildFile; fileRef = 3753BBD22BA31F12007BBBD2 /* User.swift */; };
		3753BBD62BA32B4C007BBBD2 /* NetworkManager.swift in Sources */ = {isa = PBXBuildFile; fileRef = 3753BBD52BA32B4C007BBBD2 /* NetworkManager.swift */; };
/* End PBXBuildFile section */

/* Begin PBXFileReference section */
		3753BBA22BA30872007BBBD2 /* GHFollowers.app */ = {isa = PBXFileReference; explicitFileType = wrapper.application; includeInIndex = 0; path = GHFollowers.app; sourceTree = BUILT_PRODUCTS_DIR; };
		3753BBA52BA30872007BBBD2 /* AppDelegate.swift */ = {isa = PBXFileReference; lastKnownFileType = sourcecode.swift; path = AppDelegate.swift; sourceTree = "<group>"; };
		3753BBA72BA30872007BBBD2 /* SceneDelegate.swift */ = {isa = PBXFileReference; lastKnownFileType = sourcecode.swift; path = SceneDelegate.swift; sourceTree = "<group>"; };
		3753BBAE2BA30873007BBBD2 /* Assets.xcassets */ = {isa = PBXFileReference; lastKnownFileType = folder.assetcatalog; path = Assets.xcassets; sourceTree = "<group>"; };
		3753BBB12BA30873007BBBD2 /* Base */ = {isa = PBXFileReference; lastKnownFileType = file.storyboard; name = Base; path = Base.lproj/LaunchScreen.storyboard; sourceTree = "<group>"; };
		3753BBB32BA30873007BBBD2 /* Info.plist */ = {isa = PBXFileReference; lastKnownFileType = text.plist.xml; path = Info.plist; sourceTree = "<group>"; };
		3753BBB92BA30A8F007BBBD2 /* SearchVC.swift */ = {isa = PBXFileReference; lastKnownFileType = sourcecode.swift; path = SearchVC.swift; sourceTree = "<group>"; };
		3753BBBB2BA30B06007BBBD2 /* FavoritesVC.swift */ = {isa = PBXFileReference; lastKnownFileType = sourcecode.swift; path = FavoritesVC.swift; sourceTree = "<group>"; };
		3753BBBD2BA30F21007BBBD2 /* GFButton.swift */ = {isa = PBXFileReference; lastKnownFileType = sourcecode.swift; path = GFButton.swift; sourceTree = "<group>"; };
		3753BBBF2BA30F3F007BBBD2 /* GFTextField.swift */ = {isa = PBXFileReference; lastKnownFileType = sourcecode.swift; path = GFTextField.swift; sourceTree = "<group>"; };
		3753BBC12BA310A2007BBBD2 /* FollowerListVC.swift */ = {isa = PBXFileReference; lastKnownFileType = sourcecode.swift; path = FollowerListVC.swift; sourceTree = "<group>"; };
		3753BBC32BA311D4007BBBD2 /* GFTitleLabel.swift */ = {isa = PBXFileReference; lastKnownFileType = sourcecode.swift; path = GFTitleLabel.swift; sourceTree = "<group>"; };
		3753BBC52BA311F5007BBBD2 /* GFBodyLabel.swift */ = {isa = PBXFileReference; lastKnownFileType = sourcecode.swift; path = GFBodyLabel.swift; sourceTree = "<group>"; };
		3753BBC72BA31211007BBBD2 /* GFAlertVC.swift */ = {isa = PBXFileReference; lastKnownFileType = sourcecode.swift; path = GFAlertVC.swift; sourceTree = "<group>"; };
		3753BBC92BA3122C007BBBD2 /* UIViewController+Ext.swift */ = {isa = PBXFileReference; lastKnownFileType = sourcecode.swift; path = "UIViewController+Ext.swift"; sourceTree = "<group>"; };
		3753BBD02BA31E56007BBBD2 /* Follower.swift */ = {isa = PBXFileReference; lastKnownFileType = sourcecode.swift; path = Follower.swift; sourceTree = "<group>"; };
		3753BBD22BA31F12007BBBD2 /* User.swift */ = {isa = PBXFileReference; lastKnownFileType = sourcecode.swift; path = User.swift; sourceTree = "<group>"; };
		3753BBD52BA32B4C007BBBD2 /* NetworkManager.swift */ = {isa = PBXFileReference; lastKnownFileType = sourcecode.swift; path = NetworkManager.swift; sourceTree = "<group>"; };
/* End PBXFileReference section */

/* Begin PBXFrameworksBuildPhase section */
		3753BB9F2BA30872007BBBD2 /* Frameworks */ = {
			isa = PBXFrameworksBuildPhase;
			buildActionMask = 2147483647;
			files = (
			);
			runOnlyForDeploymentPostprocessing = 0;
		};
/* End PBXFrameworksBuildPhase section */

/* Begin PBXGroup section */
		3753BB992BA30872007BBBD2 = {
			isa = PBXGroup;
			children = (
				3753BBA42BA30872007BBBD2 /* GHFollowers */,
				3753BBA32BA30872007BBBD2 /* Products */,
			);
			sourceTree = "<group>";
		};
		3753BBA32BA30872007BBBD2 /* Products */ = {
			isa = PBXGroup;
			children = (
				3753BBA22BA30872007BBBD2 /* GHFollowers.app */,
			);
			name = Products;
			sourceTree = "<group>";
		};
		3753BBA42BA30872007BBBD2 /* GHFollowers */ = {
			isa = PBXGroup;
			children = (
				3753BBCE2BA3133C007BBBD2 /* Screens */,
				3753BBCD2BA31314007BBBD2 /* Custom Views */,
				3753BBCB2BA312EF007BBBD2 /* Extensions */,
				3753BBD42BA32B32007BBBD2 /* Managers */,
				3753BBCF2BA31E43007BBBD2 /* Model */,
				3753BBCC2BA312F7007BBBD2 /* Support */,
				3753BBB32BA30873007BBBD2 /* Info.plist */,
			);
			path = GHFollowers;
			sourceTree = "<group>";
		};
		3753BBCB2BA312EF007BBBD2 /* Extensions */ = {
			isa = PBXGroup;
			children = (
				3753BBC92BA3122C007BBBD2 /* UIViewController+Ext.swift */,
			);
			path = Extensions;
			sourceTree = "<group>";
		};
		3753BBCC2BA312F7007BBBD2 /* Support */ = {
			isa = PBXGroup;
			children = (
				3753BBA52BA30872007BBBD2 /* AppDelegate.swift */,
				3753BBA72BA30872007BBBD2 /* SceneDelegate.swift */,
				3753BBAE2BA30873007BBBD2 /* Assets.xcassets */,
				3753BBB02BA30873007BBBD2 /* LaunchScreen.storyboard */,
			);
			path = Support;
			sourceTree = "<group>";
		};
		3753BBCD2BA31314007BBBD2 /* Custom Views */ = {
			isa = PBXGroup;
			children = (
				3753BBC72BA31211007BBBD2 /* GFAlertVC.swift */,
				3753BBC52BA311F5007BBBD2 /* GFBodyLabel.swift */,
				3753BBBD2BA30F21007BBBD2 /* GFButton.swift */,
				3753BBBF2BA30F3F007BBBD2 /* GFTextField.swift */,
				3753BBC32BA311D4007BBBD2 /* GFTitleLabel.swift */,
			);
			path = "Custom Views";
			sourceTree = "<group>";
		};
		3753BBCE2BA3133C007BBBD2 /* Screens */ = {
			isa = PBXGroup;
			children = (
				3753BBBB2BA30B06007BBBD2 /* FavoritesVC.swift */,
				3753BBC12BA310A2007BBBD2 /* FollowerListVC.swift */,
				3753BBB92BA30A8F007BBBD2 /* SearchVC.swift */,
			);
			path = Screens;
			sourceTree = "<group>";
		};
		3753BBCF2BA31E43007BBBD2 /* Model */ = {
			isa = PBXGroup;
			children = (
				3753BBD02BA31E56007BBBD2 /* Follower.swift */,
				3753BBD22BA31F12007BBBD2 /* User.swift */,
			);
			path = Model;
			sourceTree = "<group>";
		};
		3753BBD42BA32B32007BBBD2 /* Managers */ = {
			isa = PBXGroup;
			children = (
				3753BBD52BA32B4C007BBBD2 /* NetworkManager.swift */,
			);
			path = Managers;
			sourceTree = "<group>";
		};
/* End PBXGroup section */

/* Begin PBXNativeTarget section */
		3753BBA12BA30872007BBBD2 /* GHFollowers */ = {
			isa = PBXNativeTarget;
			buildConfigurationList = 3753BBB62BA30873007BBBD2 /* Build configuration list for PBXNativeTarget "GHFollowers" */;
			buildPhases = (
				3753BB9E2BA30872007BBBD2 /* Sources */,
				3753BB9F2BA30872007BBBD2 /* Frameworks */,
				3753BBA02BA30872007BBBD2 /* Resources */,
			);
			buildRules = (
			);
			dependencies = (
			);
			name = GHFollowers;
			productName = GHFollowers;
			productReference = 3753BBA22BA30872007BBBD2 /* GHFollowers.app */;
			productType = "com.apple.product-type.application";
		};
/* End PBXNativeTarget section */

/* Begin PBXProject section */
		3753BB9A2BA30872007BBBD2 /* Project object */ = {
			isa = PBXProject;
			attributes = {
				BuildIndependentTargetsInParallel = 1;
				LastSwiftUpdateCheck = 1520;
				LastUpgradeCheck = 1520;
				TargetAttributes = {
					3753BBA12BA30872007BBBD2 = {
						CreatedOnToolsVersion = 15.2;
					};
				};
			};
			buildConfigurationList = 3753BB9D2BA30872007BBBD2 /* Build configuration list for PBXProject "GHFollowers" */;
			compatibilityVersion = "Xcode 14.0";
			developmentRegion = en;
			hasScannedForEncodings = 0;
			knownRegions = (
				en,
				Base,
			);
			mainGroup = 3753BB992BA30872007BBBD2;
			productRefGroup = 3753BBA32BA30872007BBBD2 /* Products */;
			projectDirPath = "";
			projectRoot = "";
			targets = (
				3753BBA12BA30872007BBBD2 /* GHFollowers */,
			);
		};
/* End PBXProject section */

/* Begin PBXResourcesBuildPhase section */
		3753BBA02BA30872007BBBD2 /* Resources */ = {
			isa = PBXResourcesBuildPhase;
			buildActionMask = 2147483647;
			files = (
				3753BBB22BA30873007BBBD2 /* LaunchScreen.storyboard in Resources */,
				3753BBAF2BA30873007BBBD2 /* Assets.xcassets in Resources */,
			);
			runOnlyForDeploymentPostprocessing = 0;
		};
/* End PBXResourcesBuildPhase section */

/* Begin PBXSourcesBuildPhase section */
		3753BB9E2BA30872007BBBD2 /* Sources */ = {
			isa = PBXSourcesBuildPhase;
			buildActionMask = 2147483647;
			files = (
				3753BBD32BA31F12007BBBD2 /* User.swift in Sources */,
				3753BBBC2BA30B06007BBBD2 /* FavoritesVC.swift in Sources */,
				3753BBBA2BA30A8F007BBBD2 /* SearchVC.swift in Sources */,
				3753BBBE2BA30F21007BBBD2 /* GFButton.swift in Sources */,
				3753BBCA2BA3122C007BBBD2 /* UIViewController+Ext.swift in Sources */,
				3753BBA62BA30872007BBBD2 /* AppDelegate.swift in Sources */,
				3753BBC82BA31211007BBBD2 /* GFAlertVC.swift in Sources */,
				3753BBC62BA311F5007BBBD2 /* GFBodyLabel.swift in Sources */,
				3753BBD12BA31E56007BBBD2 /* Follower.swift in Sources */,
				3753BBC42BA311D4007BBBD2 /* GFTitleLabel.swift in Sources */,
				3753BBD62BA32B4C007BBBD2 /* NetworkManager.swift in Sources */,
				3753BBC22BA310A2007BBBD2 /* FollowerListVC.swift in Sources */,
				3753BBA82BA30872007BBBD2 /* SceneDelegate.swift in Sources */,
				3753BBC02BA30F3F007BBBD2 /* GFTextField.swift in Sources */,
			);
			runOnlyForDeploymentPostprocessing = 0;
		};
/* End PBXSourcesBuildPhase section */

/* Begin PBXVariantGroup section */
		3753BBB02BA30873007BBBD2 /* LaunchScreen.storyboard */ = {
			isa = PBXVariantGroup;
			children = (
				3753BBB12BA30873007BBBD2 /* Base */,
			);
			name = LaunchScreen.storyboard;
			sourceTree = "<group>";
		};
/* End PBXVariantGroup section */

/* Begin XCBuildConfiguration section */
		3753BBB42BA30873007BBBD2 /* Debug */ = {
			isa = XCBuildConfiguration;
			buildSettings = {
				ALWAYS_SEARCH_USER_PATHS = NO;
				ASSETCATALOG_COMPILER_GENERATE_SWIFT_ASSET_SYMBOL_EXTENSIONS = YES;
				CLANG_ANALYZER_NONNULL = YES;
				CLANG_ANALYZER_NUMBER_OBJECT_CONVERSION = YES_AGGRESSIVE;
				CLANG_CXX_LANGUAGE_STANDARD = "gnu++20";
				CLANG_ENABLE_MODULES = YES;
				CLANG_ENABLE_OBJC_ARC = YES;
				CLANG_ENABLE_OBJC_WEAK = YES;
				CLANG_WARN_BLOCK_CAPTURE_AUTORELEASING = YES;
				CLANG_WARN_BOOL_CONVERSION = YES;
				CLANG_WARN_COMMA = YES;
				CLANG_WARN_CONSTANT_CONVERSION = YES;
				CLANG_WARN_DEPRECATED_OBJC_IMPLEMENTATIONS = YES;
				CLANG_WARN_DIRECT_OBJC_ISA_USAGE = YES_ERROR;
				CLANG_WARN_DOCUMENTATION_COMMENTS = YES;
				CLANG_WARN_EMPTY_BODY = YES;
				CLANG_WARN_ENUM_CONVERSION = YES;
				CLANG_WARN_INFINITE_RECURSION = YES;
				CLANG_WARN_INT_CONVERSION = YES;
				CLANG_WARN_NON_LITERAL_NULL_CONVERSION = YES;
				CLANG_WARN_OBJC_IMPLICIT_RETAIN_SELF = YES;
				CLANG_WARN_OBJC_LITERAL_CONVERSION = YES;
				CLANG_WARN_OBJC_ROOT_CLASS = YES_ERROR;
				CLANG_WARN_QUOTED_INCLUDE_IN_FRAMEWORK_HEADER = YES;
				CLANG_WARN_RANGE_LOOP_ANALYSIS = YES;
				CLANG_WARN_STRICT_PROTOTYPES = YES;
				CLANG_WARN_SUSPICIOUS_MOVE = YES;
				CLANG_WARN_UNGUARDED_AVAILABILITY = YES_AGGRESSIVE;
				CLANG_WARN_UNREACHABLE_CODE = YES;
				CLANG_WARN__DUPLICATE_METHOD_MATCH = YES;
				COPY_PHASE_STRIP = NO;
				DEBUG_INFORMATION_FORMAT = dwarf;
				ENABLE_STRICT_OBJC_MSGSEND = YES;
				ENABLE_TESTABILITY = YES;
				ENABLE_USER_SCRIPT_SANDBOXING = YES;
				GCC_C_LANGUAGE_STANDARD = gnu17;
				GCC_DYNAMIC_NO_PIC = NO;
				GCC_NO_COMMON_BLOCKS = YES;
				GCC_OPTIMIZATION_LEVEL = 0;
				GCC_PREPROCESSOR_DEFINITIONS = (
					"DEBUG=1",
					"$(inherited)",
				);
				GCC_WARN_64_TO_32_BIT_CONVERSION = YES;
				GCC_WARN_ABOUT_RETURN_TYPE = YES_ERROR;
				GCC_WARN_UNDECLARED_SELECTOR = YES;
				GCC_WARN_UNINITIALIZED_AUTOS = YES_AGGRESSIVE;
				GCC_WARN_UNUSED_FUNCTION = YES;
				GCC_WARN_UNUSED_VARIABLE = YES;
				IPHONEOS_DEPLOYMENT_TARGET = 17.2;
				LOCALIZATION_PREFERS_STRING_CATALOGS = YES;
				MTL_ENABLE_DEBUG_INFO = INCLUDE_SOURCE;
				MTL_FAST_MATH = YES;
				ONLY_ACTIVE_ARCH = YES;
				SDKROOT = iphoneos;
				SWIFT_ACTIVE_COMPILATION_CONDITIONS = "DEBUG $(inherited)";
				SWIFT_OPTIMIZATION_LEVEL = "-Onone";
			};
			name = Debug;
		};
		3753BBB52BA30873007BBBD2 /* Release */ = {
			isa = XCBuildConfiguration;
			buildSettings = {
				ALWAYS_SEARCH_USER_PATHS = NO;
				ASSETCATALOG_COMPILER_GENERATE_SWIFT_ASSET_SYMBOL_EXTENSIONS = YES;
				CLANG_ANALYZER_NONNULL = YES;
				CLANG_ANALYZER_NUMBER_OBJECT_CONVERSION = YES_AGGRESSIVE;
				CLANG_CXX_LANGUAGE_STANDARD = "gnu++20";
				CLANG_ENABLE_MODULES = YES;
				CLANG_ENABLE_OBJC_ARC = YES;
				CLANG_ENABLE_OBJC_WEAK = YES;
				CLANG_WARN_BLOCK_CAPTURE_AUTORELEASING = YES;
				CLANG_WARN_BOOL_CONVERSION = YES;
				CLANG_WARN_COMMA = YES;
				CLANG_WARN_CONSTANT_CONVERSION = YES;
				CLANG_WARN_DEPRECATED_OBJC_IMPLEMENTATIONS = YES;
				CLANG_WARN_DIRECT_OBJC_ISA_USAGE = YES_ERROR;
				CLANG_WARN_DOCUMENTATION_COMMENTS = YES;
				CLANG_WARN_EMPTY_BODY = YES;
				CLANG_WARN_ENUM_CONVERSION = YES;
				CLANG_WARN_INFINITE_RECURSION = YES;
				CLANG_WARN_INT_CONVERSION = YES;
				CLANG_WARN_NON_LITERAL_NULL_CONVERSION = YES;
				CLANG_WARN_OBJC_IMPLICIT_RETAIN_SELF = YES;
				CLANG_WARN_OBJC_LITERAL_CONVERSION = YES;
				CLANG_WARN_OBJC_ROOT_CLASS = YES_ERROR;
				CLANG_WARN_QUOTED_INCLUDE_IN_FRAMEWORK_HEADER = YES;
				CLANG_WARN_RANGE_LOOP_ANALYSIS = YES;
				CLANG_WARN_STRICT_PROTOTYPES = YES;
				CLANG_WARN_SUSPICIOUS_MOVE = YES;
				CLANG_WARN_UNGUARDED_AVAILABILITY = YES_AGGRESSIVE;
				CLANG_WARN_UNREACHABLE_CODE = YES;
				CLANG_WARN__DUPLICATE_METHOD_MATCH = YES;
				COPY_PHASE_STRIP = NO;
				DEBUG_INFORMATION_FORMAT = "dwarf-with-dsym";
				ENABLE_NS_ASSERTIONS = NO;
				ENABLE_STRICT_OBJC_MSGSEND = YES;
				ENABLE_USER_SCRIPT_SANDBOXING = YES;
				GCC_C_LANGUAGE_STANDARD = gnu17;
				GCC_NO_COMMON_BLOCKS = YES;
				GCC_WARN_64_TO_32_BIT_CONVERSION = YES;
				GCC_WARN_ABOUT_RETURN_TYPE = YES_ERROR;
				GCC_WARN_UNDECLARED_SELECTOR = YES;
				GCC_WARN_UNINITIALIZED_AUTOS = YES_AGGRESSIVE;
				GCC_WARN_UNUSED_FUNCTION = YES;
				GCC_WARN_UNUSED_VARIABLE = YES;
				IPHONEOS_DEPLOYMENT_TARGET = 17.2;
				LOCALIZATION_PREFERS_STRING_CATALOGS = YES;
				MTL_ENABLE_DEBUG_INFO = NO;
				MTL_FAST_MATH = YES;
				SDKROOT = iphoneos;
				SWIFT_COMPILATION_MODE = wholemodule;
				VALIDATE_PRODUCT = YES;
			};
			name = Release;
		};
		3753BBB72BA30873007BBBD2 /* Debug */ = {
			isa = XCBuildConfiguration;
			buildSettings = {
				ASSETCATALOG_COMPILER_APPICON_NAME = AppIcon;
				ASSETCATALOG_COMPILER_GLOBAL_ACCENT_COLOR_NAME = AccentColor;
				CODE_SIGN_STYLE = Automatic;
				CURRENT_PROJECT_VERSION = 1;
				DEVELOPMENT_TEAM = R5L72AD597;
				GENERATE_INFOPLIST_FILE = YES;
				INFOPLIST_FILE = GHFollowers/Info.plist;
				INFOPLIST_KEY_UIApplicationSupportsIndirectInputEvents = YES;
				INFOPLIST_KEY_UILaunchStoryboardName = LaunchScreen;
				INFOPLIST_KEY_UISupportedInterfaceOrientations_iPad = "UIInterfaceOrientationPortrait UIInterfaceOrientationPortraitUpsideDown UIInterfaceOrientationLandscapeLeft UIInterfaceOrientationLandscapeRight";
				INFOPLIST_KEY_UISupportedInterfaceOrientations_iPhone = "UIInterfaceOrientationPortrait UIInterfaceOrientationLandscapeLeft UIInterfaceOrientationLandscapeRight";
				LD_RUNPATH_SEARCH_PATHS = (
					"$(inherited)",
					"@executable_path/Frameworks",
				);
				MARKETING_VERSION = 1.0;
				PRODUCT_BUNDLE_IDENTIFIER = com.oliviergeiger.GHFollowers;
				PRODUCT_NAME = "$(TARGET_NAME)";
				SWIFT_EMIT_LOC_STRINGS = YES;
				SWIFT_VERSION = 5.0;
				TARGETED_DEVICE_FAMILY = "1,2";
			};
			name = Debug;
		};
		3753BBB82BA30873007BBBD2 /* Release */ = {
			isa = XCBuildConfiguration;
			buildSettings = {
				ASSETCATALOG_COMPILER_APPICON_NAME = AppIcon;
				ASSETCATALOG_COMPILER_GLOBAL_ACCENT_COLOR_NAME = AccentColor;
				CODE_SIGN_STYLE = Automatic;
				CURRENT_PROJECT_VERSION = 1;
				DEVELOPMENT_TEAM = R5L72AD597;
				GENERATE_INFOPLIST_FILE = YES;
				INFOPLIST_FILE = GHFollowers/Info.plist;
				INFOPLIST_KEY_UIApplicationSupportsIndirectInputEvents = YES;
				INFOPLIST_KEY_UILaunchStoryboardName = LaunchScreen;
				INFOPLIST_KEY_UISupportedInterfaceOrientations_iPad = "UIInterfaceOrientationPortrait UIInterfaceOrientationPortraitUpsideDown UIInterfaceOrientationLandscapeLeft UIInterfaceOrientationLandscapeRight";
				INFOPLIST_KEY_UISupportedInterfaceOrientations_iPhone = "UIInterfaceOrientationPortrait UIInterfaceOrientationLandscapeLeft UIInterfaceOrientationLandscapeRight";
				LD_RUNPATH_SEARCH_PATHS = (
					"$(inherited)",
					"@executable_path/Frameworks",
				);
				MARKETING_VERSION = 1.0;
				PRODUCT_BUNDLE_IDENTIFIER = com.oliviergeiger.GHFollowers;
				PRODUCT_NAME = "$(TARGET_NAME)";
				SWIFT_EMIT_LOC_STRINGS = YES;
				SWIFT_VERSION = 5.0;
				TARGETED_DEVICE_FAMILY = "1,2";
			};
			name = Release;
		};
/* End XCBuildConfiguration section */

/* Begin XCConfigurationList section */
		3753BB9D2BA30872007BBBD2 /* Build configuration list for PBXProject "GHFollowers" */ = {
			isa = XCConfigurationList;
			buildConfigurations = (
				3753BBB42BA30873007BBBD2 /* Debug */,
				3753BBB52BA30873007BBBD2 /* Release */,
			);
			defaultConfigurationIsVisible = 0;
			defaultConfigurationName = Release;
		};
		3753BBB62BA30873007BBBD2 /* Build configuration list for PBXNativeTarget "GHFollowers" */ = {
			isa = XCConfigurationList;
			buildConfigurations = (
				3753BBB72BA30873007BBBD2 /* Debug */,
				3753BBB82BA30873007BBBD2 /* Release */,
			);
			defaultConfigurationIsVisible = 0;
			defaultConfigurationName = Release;
		};
/* End XCConfigurationList section */
	};
	rootObject = 3753BB9A2BA30872007BBBD2 /* Project object */;
}
